
Microsoft Visual Studio Solution File, Format Version 11.00
# Visual Studio 2010
Project("{8BC9CEB8-8B4A-11D0-8D11-00A0C91BC942}") = "SocketClient", "SocketClient\SocketClient.vcxproj", "{C18E3A8E-367E-4662-8162-5BD71CE256D3}"
	ProjectSection(ProjectDependencies) = postProject
		{C154E739-69D3-4E38-B491-9433AEE7CD26} = {C154E739-69D3-4E38-B491-9433AEE7CD26}
		{779D87AC-C552-405C-AAC3-1D7BFC6E73AA} = {779D87AC-C552-405C-AAC3-1D7BFC6E73AA}
	EndProjectSection
EndProject
Project("{8BC9CEB8-8B4A-11D0-8D11-00A0C91BC942}") = "SocketServer", "SocketServer\SocketServer.vcxproj", "{E8113FA1-000B-45F1-94C8-6A8550EBB8ED}"
	ProjectSection(ProjectDependencies) = postProject
		{C154E739-69D3-4E38-B491-9433AEE7CD26} = {C154E739-69D3-4E38-B491-9433AEE7CD26}
		{779D87AC-C552-405C-AAC3-1D7BFC6E73AA} = {779D87AC-C552-405C-AAC3-1D7BFC6E73AA}
	EndProjectSection
EndProject
Project("{8BC9CEB8-8B4A-11D0-8D11-00A0C91BC942}") = "UDP-SocketLibrary", "UDP-SocketLibrary\UDP-SocketLibrary.vcxproj", "{779D87AC-C552-405C-AAC3-1D7BFC6E73AA}"
EndProject
Project("{2150E333-8FDC-42A3-9474-1A3956D46DE8}") = "Solution Items", "Solution Items", "{5BC28A97-7676-4545-BAEF-9A1BDB909CEE}"
	ProjectSection(SolutionItems) = preProject
		ReadMe.txt = ReadMe.txt
	EndProjectSection
EndProject
Project("{8BC9CEB8-8B4A-11D0-8D11-00A0C91BC942}") = "TCP-SocketLibrary", "TCP-SocketLibrary\TCP-SocketLibrary.vcxproj", "{C154E739-69D3-4E38-B491-9433AEE7CD26}"
EndProject
Global
	GlobalSection(SubversionScc) = preSolution
		Svn-Managed = True
		Manager = AnkhSVN - Subversion Support for Visual Studio
	EndGlobalSection
	GlobalSection(SolutionConfigurationPlatforms) = preSolution
		Debug DLL|Win32 = Debug DLL|Win32
		Debug|Win32 = Debug|Win32
		Release DLL|Win32 = Release DLL|Win32
		Release|Win32 = Release|Win32
	EndGlobalSection
	GlobalSection(ProjectConfigurationPlatforms) = postSolution
		{C18E3A8E-367E-4662-8162-5BD71CE256D3}.Debug DLL|Win32.ActiveCfg = Debug DLL|Win32
		{C18E3A8E-367E-4662-8162-5BD71CE256D3}.Debug DLL|Win32.Build.0 = Debug DLL|Win32
		{C18E3A8E-367E-4662-8162-5BD71CE256D3}.Debug|Win32.ActiveCfg = Debug|Win32
		{C18E3A8E-367E-4662-8162-5BD71CE256D3}.Debug|Win32.Build.0 = Debug|Win32
		{C18E3A8E-367E-4662-8162-5BD71CE256D3}.Release DLL|Win32.ActiveCfg = Release DLL|Win32
		{C18E3A8E-367E-4662-8162-5BD71CE256D3}.Release DLL|Win32.Build.0 = Release DLL|Win32
		{C18E3A8E-367E-4662-8162-5BD71CE256D3}.Release|Win32.ActiveCfg = Release|Win32
		{C18E3A8E-367E-4662-8162-5BD71CE256D3}.Release|Win32.Build.0 = Release|Win32
		{E8113FA1-000B-45F1-94C8-6A8550EBB8ED}.Debug DLL|Win32.ActiveCfg = Debug DLL|Win32
		{E8113FA1-000B-45F1-94C8-6A8550EBB8ED}.Debug DLL|Win32.Build.0 = Debug DLL|Win32
		{E8113FA1-000B-45F1-94C8-6A8550EBB8ED}.Debug|Win32.ActiveCfg = Debug|Win32
		{E8113FA1-000B-45F1-94C8-6A8550EBB8ED}.Debug|Win32.Build.0 = Debug|Win32
		{E8113FA1-000B-45F1-94C8-6A8550EBB8ED}.Release DLL|Win32.ActiveCfg = Release DLL|Win32
		{E8113FA1-000B-45F1-94C8-6A8550EBB8ED}.Release DLL|Win32.Build.0 = Release DLL|Win32
		{E8113FA1-000B-45F1-94C8-6A8550EBB8ED}.Release|Win32.ActiveCfg = Release|Win32
		{E8113FA1-000B-45F1-94C8-6A8550EBB8ED}.Release|Win32.Build.0 = Release|Win32
		{779D87AC-C552-405C-AAC3-1D7BFC6E73AA}.Debug DLL|Win32.ActiveCfg = Debug DLL|Win32
		{779D87AC-C552-405C-AAC3-1D7BFC6E73AA}.Debug DLL|Win32.Build.0 = Debug DLL|Win32
		{779D87AC-C552-405C-AAC3-1D7BFC6E73AA}.Debug|Win32.ActiveCfg = Debug|Win32
		{779D87AC-C552-405C-AAC3-1D7BFC6E73AA}.Debug|Win32.Build.0 = Debug|Win32
		{779D87AC-C552-405C-AAC3-1D7BFC6E73AA}.Release DLL|Win32.ActiveCfg = Release|Win32
		{779D87AC-C552-405C-AAC3-1D7BFC6E73AA}.Release DLL|Win32.Build.0 = Release|Win32
		{779D87AC-C552-405C-AAC3-1D7BFC6E73AA}.Release|Win32.ActiveCfg = Release|Win32
		{779D87AC-C552-405C-AAC3-1D7BFC6E73AA}.Release|Win32.Build.0 = Release|Win32
		{C154E739-69D3-4E38-B491-9433AEE7CD26}.Debug DLL|Win32.ActiveCfg = Debug DLL|Win32
		{C154E739-69D3-4E38-B491-9433AEE7CD26}.Debug DLL|Win32.Build.0 = Debug DLL|Win32
		{C154E739-69D3-4E38-B491-9433AEE7CD26}.Debug|Win32.ActiveCfg = Debug|Win32
		{C154E739-69D3-4E38-B491-9433AEE7CD26}.Debug|Win32.Build.0 = Debug|Win32
		{C154E739-69D3-4E38-B491-9433AEE7CD26}.Release DLL|Win32.ActiveCfg = Release|Win32
		{C154E739-69D3-4E38-B491-9433AEE7CD26}.Release DLL|Win32.Build.0 = Release|Win32
		{C154E739-69D3-4E38-B491-9433AEE7CD26}.Release|Win32.ActiveCfg = Release|Win32
		{C154E739-69D3-4E38-B491-9433AEE7CD26}.Release|Win32.Build.0 = Release|Win32
	EndGlobalSection
	GlobalSection(SolutionProperties) = preSolution
		HideSolutionNode = FALSE
	EndGlobalSection
EndGlobal
